// !$*UTF8*$!
{
	archiveVersion = 1;
	classes = {
	};
	objectVersion = 46;
	objects = {

/* Begin PBXBuildFile section */
		798CF8E315BFF4CF009D78F6 /* MobileCoreServices.framework in Frameworks */ = {isa = PBXBuildFile; fileRef = 798CF8E215BFF4CF009D78F6 /* MobileCoreServices.framework */; };
		79E7AE8B15B7DA0300E96894 /* UIKit.framework in Frameworks */ = {isa = PBXBuildFile; fileRef = 79E7AE8A15B7DA0300E96894 /* UIKit.framework */; };
		79E7AE8D15B7DA0300E96894 /* Foundation.framework in Frameworks */ = {isa = PBXBuildFile; fileRef = 79E7AE8C15B7DA0300E96894 /* Foundation.framework */; };
		79E7AE8F15B7DA0300E96894 /* CoreGraphics.framework in Frameworks */ = {isa = PBXBuildFile; fileRef = 79E7AE8E15B7DA0300E96894 /* CoreGraphics.framework */; };
		79E7AE9515B7DA0300E96894 /* InfoPlist.strings in Resources */ = {isa = PBXBuildFile; fileRef = 79E7AE9315B7DA0300E96894 /* InfoPlist.strings */; };
		79E7AE9715B7DA0300E96894 /* main.m in Sources */ = {isa = PBXBuildFile; fileRef = 79E7AE9615B7DA0300E96894 /* main.m */; };
		79E7AE9B15B7DA0300E96894 /* AppDelegate.m in Sources */ = {isa = PBXBuildFile; fileRef = 79E7AE9A15B7DA0300E96894 /* AppDelegate.m */; };
		79E7AE9E15B7DA0300E96894 /* ViewController.m in Sources */ = {isa = PBXBuildFile; fileRef = 79E7AE9D15B7DA0300E96894 /* ViewController.m */; };
		79E7AEA115B7DA0300E96894 /* ViewController.xib in Resources */ = {isa = PBXBuildFile; fileRef = 79E7AE9F15B7DA0300E96894 /* ViewController.xib */; };
		79E7AEA915B7DABA00E96894 /* Camcorder.m in Sources */ = {isa = PBXBuildFile; fileRef = 79E7AEA815B7DABA00E96894 /* Camcorder.m */; };
		79E7AEAB15B7DB7D00E96894 /* AudioToolbox.framework in Frameworks */ = {isa = PBXBuildFile; fileRef = 79E7AEAA15B7DB7D00E96894 /* AudioToolbox.framework */; };
		79E7AEAD15B7DB9400E96894 /* QuartzCore.framework in Frameworks */ = {isa = PBXBuildFile; fileRef = 79E7AEAC15B7DB9400E96894 /* QuartzCore.framework */; };
		79E7AEAF15B7DB9E00E96894 /* CoreMedia.framework in Frameworks */ = {isa = PBXBuildFile; fileRef = 79E7AEAE15B7DB9E00E96894 /* CoreMedia.framework */; };
		79E7AEB115B7DBA900E96894 /* CoreVideo.framework in Frameworks */ = {isa = PBXBuildFile; fileRef = 79E7AEB015B7DBA900E96894 /* CoreVideo.framework */; };
		79E7AEB315B7DBB400E96894 /* AVFoundation.framework in Frameworks */ = {isa = PBXBuildFile; fileRef = 79E7AEB215B7DBB400E96894 /* AVFoundation.framework */; };
		79E7AEB515B7DBBA00E96894 /* AssetsLibrary.framework in Frameworks */ = {isa = PBXBuildFile; fileRef = 79E7AEB415B7DBBA00E96894 /* AssetsLibrary.framework */; };
		E78FE8A11A4C00E000A89D55 /* Default-568h@2x.png in Resources */ = {isa = PBXBuildFile; fileRef = E78FE8A01A4C00E000A89D55 /* Default-568h@2x.png */; };
/* End PBXBuildFile section */

/* Begin PBXFileReference section */
		798CF8E215BFF4CF009D78F6 /* MobileCoreServices.framework */ = {isa = PBXFileReference; lastKnownFileType = wrapper.framework; name = MobileCoreServices.framework; path = System/Library/Frameworks/MobileCoreServices.framework; sourceTree = SDKROOT; };
		79E7AE8615B7DA0300E96894 /* AVCaptureDataAssetWriterExample.app */ = {isa = PBXFileReference; explicitFileType = wrapper.application; includeInIndex = 0; path = AVCaptureDataAssetWriterExample.app; sourceTree = BUILT_PRODUCTS_DIR; };
		79E7AE8A15B7DA0300E96894 /* UIKit.framework */ = {isa = PBXFileReference; lastKnownFileType = wrapper.framework; name = UIKit.framework; path = System/Library/Frameworks/UIKit.framework; sourceTree = SDKROOT; };
		79E7AE8C15B7DA0300E96894 /* Foundation.framework */ = {isa = PBXFileReference; lastKnownFileType = wrapper.framework; name = Foundation.framework; path = System/Library/Frameworks/Foundation.framework; sourceTree = SDKROOT; };
		79E7AE8E15B7DA0300E96894 /* CoreGraphics.framework */ = {isa = PBXFileReference; lastKnownFileType = wrapper.framework; name = CoreGraphics.framework; path = System/Library/Frameworks/CoreGraphics.framework; sourceTree = SDKROOT; };
		79E7AE9215B7DA0300E96894 /* AVCaptureDataAssetWriterExample-Info.plist */ = {isa = PBXFileReference; lastKnownFileType = text.plist.xml; path = "AVCaptureDataAssetWriterExample-Info.plist"; sourceTree = "<group>"; };
		79E7AE9415B7DA0300E96894 /* en */ = {isa = PBXFileReference; lastKnownFileType = text.plist.strings; name = en; path = en.lproj/InfoPlist.strings; sourceTree = "<group>"; };
		79E7AE9615B7DA0300E96894 /* main.m */ = {isa = PBXFileReference; lastKnownFileType = sourcecode.c.objc; path = main.m; sourceTree = "<group>"; };
		79E7AE9815B7DA0300E96894 /* AVCaptureDataAssetWriterExample-Prefix.pch */ = {isa = PBXFileReference; lastKnownFileType = sourcecode.c.h; path = "AVCaptureDataAssetWriterExample-Prefix.pch"; sourceTree = "<group>"; };
		79E7AE9915B7DA0300E96894 /* AppDelegate.h */ = {isa = PBXFileReference; lastKnownFileType = sourcecode.c.h; path = AppDelegate.h; sourceTree = "<group>"; };
		79E7AE9A15B7DA0300E96894 /* AppDelegate.m */ = {isa = PBXFileReference; lastKnownFileType = sourcecode.c.objc; path = AppDelegate.m; sourceTree = "<group>"; };
		79E7AE9C15B7DA0300E96894 /* ViewController.h */ = {isa = PBXFileReference; lastKnownFileType = sourcecode.c.h; path = ViewController.h; sourceTree = "<group>"; };
		79E7AE9D15B7DA0300E96894 /* ViewController.m */ = {isa = PBXFileReference; lastKnownFileType = sourcecode.c.objc; path = ViewController.m; sourceTree = "<group>"; };
		79E7AEA015B7DA0300E96894 /* en */ = {isa = PBXFileReference; lastKnownFileType = file.xib; name = en; path = en.lproj/ViewController.xib; sourceTree = "<group>"; };
		79E7AEA715B7DABA00E96894 /* Camcorder.h */ = {isa = PBXFileReference; fileEncoding = 4; lastKnownFileType = sourcecode.c.h; path = Camcorder.h; sourceTree = "<group>"; };
		79E7AEA815B7DABA00E96894 /* Camcorder.m */ = {isa = PBXFileReference; fileEncoding = 4; lastKnownFileType = sourcecode.c.objc; path = Camcorder.m; sourceTree = "<group>"; };
		79E7AEAA15B7DB7D00E96894 /* AudioToolbox.framework */ = {isa = PBXFileReference; lastKnownFileType = wrapper.framework; name = AudioToolbox.framework; path = System/Library/Frameworks/AudioToolbox.framework; sourceTree = SDKROOT; };
		79E7AEAC15B7DB9400E96894 /* QuartzCore.framework */ = {isa = PBXFileReference; lastKnownFileType = wrapper.framework; name = QuartzCore.framework; path = System/Library/Frameworks/QuartzCore.framework; sourceTree = SDKROOT; };
		79E7AEAE15B7DB9E00E96894 /* CoreMedia.framework */ = {isa = PBXFileReference; lastKnownFileType = wrapper.framework; name = CoreMedia.framework; path = System/Library/Frameworks/CoreMedia.framework; sourceTree = SDKROOT; };
		79E7AEB015B7DBA900E96894 /* CoreVideo.framework */ = {isa = PBXFileReference; lastKnownFileType = wrapper.framework; name = CoreVideo.framework; path = System/Library/Frameworks/CoreVideo.framework; sourceTree = SDKROOT; };
		79E7AEB215B7DBB400E96894 /* AVFoundation.framework */ = {isa = PBXFileReference; lastKnownFileType = wrapper.framework; name = AVFoundation.framework; path = System/Library/Frameworks/AVFoundation.framework; sourceTree = SDKROOT; };
		79E7AEB415B7DBBA00E96894 /* AssetsLibrary.framework */ = {isa = PBXFileReference; lastKnownFileType = wrapper.framework; name = AssetsLibrary.framework; path = System/Library/Frameworks/AssetsLibrary.framework; sourceTree = SDKROOT; };
		E78FE8A01A4C00E000A89D55 /* Default-568h@2x.png */ = {isa = PBXFileReference; lastKnownFileType = image.png; path = "Default-568h@2x.png"; sourceTree = "<group>"; };
/* End PBXFileReference section */

/* Begin PBXFrameworksBuildPhase section */
		79E7AE8315B7DA0300E96894 /* Frameworks */ = {
			isa = PBXFrameworksBuildPhase;
			buildActionMask = 2147483647;
			files = (
				798CF8E315BFF4CF009D78F6 /* MobileCoreServices.framework in Frameworks */,
				79E7AEB515B7DBBA00E96894 /* AssetsLibrary.framework in Frameworks */,
				79E7AEB315B7DBB400E96894 /* AVFoundation.framework in Frameworks */,
				79E7AEB115B7DBA900E96894 /* CoreVideo.framework in Frameworks */,
				79E7AEAF15B7DB9E00E96894 /* CoreMedia.framework in Frameworks */,
				79E7AEAD15B7DB9400E96894 /* QuartzCore.framework in Frameworks */,
				79E7AEAB15B7DB7D00E96894 /* AudioToolbox.framework in Frameworks */,
				79E7AE8F15B7DA0300E96894 /* CoreGraphics.framework in Frameworks */,
				79E7AE8B15B7DA0300E96894 /* UIKit.framework in Frameworks */,
				79E7AE8D15B7DA0300E96894 /* Foundation.framework in Frameworks */,
			);
			runOnlyForDeploymentPostprocessing = 0;
		};
/* End PBXFrameworksBuildPhase section */

/* Begin PBXGroup section */
		79E7AE7B15B7DA0200E96894 = {
			isa = PBXGroup;
			children = (
				E78FE8A01A4C00E000A89D55 /* Default-568h@2x.png */,
				79E7AE9015B7DA0300E96894 /* AVCaptureDataAssetWriterExample */,
				79E7AE9115B7DA0300E96894 /* Supporting Files */,
				79E7AE8915B7DA0300E96894 /* Frameworks */,
				79E7AE8715B7DA0300E96894 /* Products */,
			);
			sourceTree = "<group>";
		};
		79E7AE8715B7DA0300E96894 /* Products */ = {
			isa = PBXGroup;
			children = (
				79E7AE8615B7DA0300E96894 /* AVCaptureDataAssetWriterExample.app */,
			);
			name = Products;
			sourceTree = "<group>";
		};
		79E7AE8915B7DA0300E96894 /* Frameworks */ = {
			isa = PBXGroup;
			children = (
				798CF8E215BFF4CF009D78F6 /* MobileCoreServices.framework */,
				79E7AEB415B7DBBA00E96894 /* AssetsLibrary.framework */,
				79E7AEB215B7DBB400E96894 /* AVFoundation.framework */,
				79E7AEB015B7DBA900E96894 /* CoreVideo.framework */,
				79E7AEAE15B7DB9E00E96894 /* CoreMedia.framework */,
				79E7AEAC15B7DB9400E96894 /* QuartzCore.framework */,
				79E7AEAA15B7DB7D00E96894 /* AudioToolbox.framework */,
				79E7AE8A15B7DA0300E96894 /* UIKit.framework */,
				79E7AE8C15B7DA0300E96894 /* Foundation.framework */,
				79E7AE8E15B7DA0300E96894 /* CoreGraphics.framework */,
			);
			name = Frameworks;
			sourceTree = "<group>";
		};
		79E7AE9015B7DA0300E96894 /* AVCaptureDataAssetWriterExample */ = {
			isa = PBXGroup;
			children = (
				79E7AE9915B7DA0300E96894 /* AppDelegate.h */,
				79E7AE9A15B7DA0300E96894 /* AppDelegate.m */,
				79E7AE9C15B7DA0300E96894 /* ViewController.h */,
				79E7AE9D15B7DA0300E96894 /* ViewController.m */,
				79E7AE9F15B7DA0300E96894 /* ViewController.xib */,
				79E7AEA715B7DABA00E96894 /* Camcorder.h */,
				79E7AEA815B7DABA00E96894 /* Camcorder.m */,
			);
			path = AVCaptureDataAssetWriterExample;
			sourceTree = "<group>";
		};
		79E7AE9115B7DA0300E96894 /* Supporting Files */ = {
			isa = PBXGroup;
			children = (
				79E7AE9215B7DA0300E96894 /* AVCaptureDataAssetWriterExample-Info.plist */,
				79E7AE9315B7DA0300E96894 /* InfoPlist.strings */,
				79E7AE9615B7DA0300E96894 /* main.m */,
				79E7AE9815B7DA0300E96894 /* AVCaptureDataAssetWriterExample-Prefix.pch */,
			);
			name = "Supporting Files";
			path = AVCaptureDataAssetWriterExample;
			sourceTree = "<group>";
		};
/* End PBXGroup section */

/* Begin PBXNativeTarget section */
		79E7AE8515B7DA0300E96894 /* AVCaptureDataAssetWriterExample */ = {
			isa = PBXNativeTarget;
			buildConfigurationList = 79E7AEA415B7DA0300E96894 /* Build configuration list for PBXNativeTarget "AVCaptureDataAssetWriterExample" */;
			buildPhases = (
				79E7AE8215B7DA0300E96894 /* Sources */,
				79E7AE8315B7DA0300E96894 /* Frameworks */,
				79E7AE8415B7DA0300E96894 /* Resources */,
			);
			buildRules = (
			);
			dependencies = (
			);
			name = AVCaptureDataAssetWriterExample;
			productName = AVCaptureDataAssetWriterExample;
			productReference = 79E7AE8615B7DA0300E96894 /* AVCaptureDataAssetWriterExample.app */;
			productType = "com.apple.product-type.application";
		};
/* End PBXNativeTarget section */

/* Begin PBXProject section */
		79E7AE7D15B7DA0200E96894 /* Project object */ = {
			isa = PBXProject;
			attributes = {
				LastUpgradeCheck = 0430;
				TargetAttributes = {
					79E7AE8515B7DA0300E96894 = {
						DevelopmentTeam = ZA562ZPM4Z;
					};
				};
			};
			buildConfigurationList = 79E7AE8015B7DA0200E96894 /* Build configuration list for PBXProject "AVCaptureDataAssetWriterExample" */;
			compatibilityVersion = "Xcode 3.2";
			developmentRegion = English;
			hasScannedForEncodings = 0;
			knownRegions = (
				en,
			);
			mainGroup = 79E7AE7B15B7DA0200E96894;
			productRefGroup = 79E7AE8715B7DA0300E96894 /* Products */;
			projectDirPath = "";
			projectRoot = "";
			targets = (
				79E7AE8515B7DA0300E96894 /* AVCaptureDataAssetWriterExample */,
			);
		};
/* End PBXProject section */

/* Begin PBXResourcesBuildPhase section */
		79E7AE8415B7DA0300E96894 /* Resources */ = {
			isa = PBXResourcesBuildPhase;
			buildActionMask = 2147483647;
			files = (
				79E7AE9515B7DA0300E96894 /* InfoPlist.strings in Resources */,
				79E7AEA115B7DA0300E96894 /* ViewController.xib in Resources */,
				E78FE8A11A4C00E000A89D55 /* Default-568h@2x.png in Resources */,
			);
			runOnlyForDeploymentPostprocessing = 0;
		};
/* End PBXResourcesBuildPhase section */

/* Begin PBXSourcesBuildPhase section */
		79E7AE8215B7DA0300E96894 /* Sources */ = {
			isa = PBXSourcesBuildPhase;
			buildActionMask = 2147483647;
			files = (
				79E7AE9715B7DA0300E96894 /* main.m in Sources */,
				79E7AE9B15B7DA0300E96894 /* AppDelegate.m in Sources */,
				79E7AE9E15B7DA0300E96894 /* ViewController.m in Sources */,
				79E7AEA915B7DABA00E96894 /* Camcorder.m in Sources */,
			);
			runOnlyForDeploymentPostprocessing = 0;
		};
/* End PBXSourcesBuildPhase section */

/* Begin PBXVariantGroup section */
		79E7AE9315B7DA0300E96894 /* InfoPlist.strings */ = {
			isa = PBXVariantGroup;
			children = (
				79E7AE9415B7DA0300E96894 /* en */,
			);
			name = InfoPlist.strings;
			sourceTree = "<group>";
		};
		79E7AE9F15B7DA0300E96894 /* ViewController.xib */ = {
			isa = PBXVariantGroup;
			children = (
				79E7AEA015B7DA0300E96894 /* en */,
			);
			name = ViewController.xib;
			sourceTree = "<group>";
		};
/* End PBXVariantGroup section */

/* Begin XCBuildConfiguration section */
		79E7AEA215B7DA0300E96894 /* Debug */ = {
			isa = XCBuildConfiguration;
			buildSettings = {
				ALWAYS_SEARCH_USER_PATHS = NO;
				ARCHS = "$(ARCHS_STANDARD_32_BIT)";
				"CODE_SIGN_IDENTITY[sdk=iphoneos*]" = "iPhone Developer";
				COPY_PHASE_STRIP = NO;
				GCC_C_LANGUAGE_STANDARD = gnu99;
				GCC_DYNAMIC_NO_PIC = NO;
				GCC_OPTIMIZATION_LEVEL = 0;
				GCC_PREPROCESSOR_DEFINITIONS = (
					"DEBUG=1",
					"$(inherited)",
				);
				GCC_SYMBOLS_PRIVATE_EXTERN = NO;
				GCC_VERSION = com.apple.compilers.llvm.clang.1_0;
				GCC_WARN_ABOUT_RETURN_TYPE = YES;
				GCC_WARN_UNINITIALIZED_AUTOS = YES;
				GCC_WARN_UNUSED_VARIABLE = YES;
				IPHONEOS_DEPLOYMENT_TARGET = 5.1;
				SDKROOT = iphoneos;
				TARGETED_DEVICE_FAMILY = 2;
			};
			name = Debug;
		};
		79E7AEA315B7DA0300E96894 /* Release */ = {
			isa = XCBuildConfiguration;
			buildSettings = {
				ALWAYS_SEARCH_USER_PATHS = NO;
				ARCHS = "$(ARCHS_STANDARD_32_BIT)";
				"CODE_SIGN_IDENTITY[sdk=iphoneos*]" = "iPhone Developer";
				COPY_PHASE_STRIP = YES;
				GCC_C_LANGUAGE_STANDARD = gnu99;
				GCC_VERSION = com.apple.compilers.llvm.clang.1_0;
				GCC_WARN_ABOUT_RETURN_TYPE = YES;
				GCC_WARN_UNINITIALIZED_AUTOS = YES;
				GCC_WARN_UNUSED_VARIABLE = YES;
				IPHONEOS_DEPLOYMENT_TARGET = 5.1;
				OTHER_CFLAGS = "-DNS_BLOCK_ASSERTIONS=1";
				SDKROOT = iphoneos;
				TARGETED_DEVICE_FAMILY = 2;
				VALIDATE_PRODUCT = YES;
			};
			name = Release;
		};
		79E7AEA515B7DA0300E96894 /* Debug */ = {
			isa = XCBuildConfiguration;
			buildSettings = {
				CODE_SIGN_IDENTITY = "iPhone Developer";
				GCC_PRECOMPILE_PREFIX_HEADER = YES;
				GCC_PREFIX_HEADER = "AVCaptureDataAssetWriterExample/AVCaptureDataAssetWriterExample-Prefix.pch";
				INFOPLIST_FILE = "AVCaptureDataAssetWriterExample/AVCaptureDataAssetWriterExample-Info.plist";
				PRODUCT_NAME = AVCaptureDataAssetWriterExample;
				TARGETED_DEVICE_FAMILY = "1,2";
				WRAPPER_EXTENSION = app;
			};
			name = Debug;
		};
		79E7AEA615B7DA0300E96894 /* Release */ = {
			isa = XCBuildConfiguration;
			buildSettings = {
				CODE_SIGN_IDENTITY = "iPhone Developer";
				GCC_PRECOMPILE_PREFIX_HEADER = YES;
				GCC_PREFIX_HEADER = "AVCaptureDataAssetWriterExample/AVCaptureDataAssetWriterExample-Prefix.pch";
				INFOPLIST_FILE = "AVCaptureDataAssetWriterExample/AVCaptureDataAssetWriterExample-Info.plist";
				PRODUCT_NAME = AVCaptureDataAssetWriterExample;
				TARGETED_DEVICE_FAMILY = "1,2";
				WRAPPER_EXTENSION = app;
			};
			name = Release;
		};
/* End XCBuildConfiguration section */

/* Begin XCConfigurationList section */
		79E7AE8015B7DA0200E96894 /* Build configuration list for PBXProject "AVCaptureDataAssetWriterExample" */ = {
			isa = XCConfigurationList;
			buildConfigurations = (
				79E7AEA215B7DA0300E96894 /* Debug */,
				79E7AEA315B7DA0300E96894 /* Release */,
			);
			defaultConfigurationIsVisible = 0;
			defaultConfigurationName = Release;
		};
		79E7AEA415B7DA0300E96894 /* Build configuration list for PBXNativeTarget "AVCaptureDataAssetWriterExample" */ = {
			isa = XCConfigurationList;
			buildConfigurations = (
				79E7AEA515B7DA0300E96894 /* Debug */,
				79E7AEA615B7DA0300E96894 /* Release */,
			);
			defaultConfigurationIsVisible = 0;
			defaultConfigurationName = Release;
		};
/* End XCConfigurationList section */
	};
	rootObject = 79E7AE7D15B7DA0200E96894 /* Project object */;
}
